
Microsoft Visual Studio Solution File, Format Version 12.00
# Visual Studio Version 17
VisualStudioVersion = 17.14.36301.6 d17.14
MinimumVisualStudioVersion = 10.0.40219.1
Project("{FAE04EC0-301F-11D3-BF4B-00C04F79EFBC}") = "ReKlik.API", "ReKlik.API\ReKlik.API.csproj", "{26567ECB-79FF-430F-991A-663F1E779E0F}"
EndProject
Project("{FAE04EC0-301F-11D3-BF4B-00C04F79EFBC}") = "ReKlik.DAL", "ReKlik.DAL\ReKlik.DAL.csproj", "{D4491225-C03B-4969-AD79-ECDA3AA0C910}"
EndProject
Project("{FAE04EC0-301F-11D3-BF4B-00C04F79EFBC}") = "ReKlik.BLL", "ReKlik.BLL\ReKlik.BLL.csproj", "{946D64AA-8269-48B8-9B12-CDABBBE3694B}"
EndProject
Project("{FAE04EC0-301F-11D3-BF4B-00C04F79EFBC}") = "ReKlik.MODEL", "ReKlik.MODEL\ReKlik.MODEL.csproj", "{DD5F4906-0271-46AB-8954-93EF3ED40071}"
EndProject
Project("{FAE04EC0-301F-11D3-BF4B-00C04F79EFBC}") = "ReKlik.IOC", "ReKlik.IOC\ReKlik.IOC.csproj", "{CD00442E-216A-4957-9CB7-2B069A33A153}"
EndProject
Project("{FAE04EC0-301F-11D3-BF4B-00C04F79EFBC}") = "ReKlik.DTO", "ReKlik.DTO\ReKlik.DTO.csproj", "{D930A0F3-4C68-43A0-9DC3-099F7725E96B}"
EndProject
Project("{FAE04EC0-301F-11D3-BF4B-00C04F79EFBC}") = "ReKlik.Utility", "ReKlik.Utility\ReKlik.Utility.csproj", "{2917C2FA-A64E-4100-9256-D4CD31F93E96}"
EndProject
Global
	GlobalSection(SolutionConfigurationPlatforms) = preSolution
		Debug|Any CPU = Debug|Any CPU
		Release|Any CPU = Release|Any CPU
	EndGlobalSection
	GlobalSection(ProjectConfigurationPlatforms) = postSolution
		{26567ECB-79FF-430F-991A-663F1E779E0F}.Debug|Any CPU.ActiveCfg = Debug|Any CPU
		{26567ECB-79FF-430F-991A-663F1E779E0F}.Debug|Any CPU.Build.0 = Debug|Any CPU
		{26567ECB-79FF-430F-991A-663F1E779E0F}.Release|Any CPU.ActiveCfg = Release|Any CPU
		{26567ECB-79FF-430F-991A-663F1E779E0F}.Release|Any CPU.Build.0 = Release|Any CPU
		{D4491225-C03B-4969-AD79-ECDA3AA0C910}.Debug|Any CPU.ActiveCfg = Debug|Any CPU
		{D4491225-C03B-4969-AD79-ECDA3AA0C910}.Debug|Any CPU.Build.0 = Debug|Any CPU
		{D4491225-C03B-4969-AD79-ECDA3AA0C910}.Release|Any CPU.ActiveCfg = Release|Any CPU
		{D4491225-C03B-4969-AD79-ECDA3AA0C910}.Release|Any CPU.Build.0 = Release|Any CPU
		{946D64AA-8269-48B8-9B12-CDABBBE3694B}.Debug|Any CPU.ActiveCfg = Debug|Any CPU
		{946D64AA-8269-48B8-9B12-CDABBBE3694B}.Debug|Any CPU.Build.0 = Debug|Any CPU
		{946D64AA-8269-48B8-9B12-CDABBBE3694B}.Release|Any CPU.ActiveCfg = Release|Any CPU
		{946D64AA-8269-48B8-9B12-CDABBBE3694B}.Release|Any CPU.Build.0 = Release|Any CPU
		{DD5F4906-0271-46AB-8954-93EF3ED40071}.Debug|Any CPU.ActiveCfg = Debug|Any CPU
		{DD5F4906-0271-46AB-8954-93EF3ED40071}.Debug|Any CPU.Build.0 = Debug|Any CPU
		{DD5F4906-0271-46AB-8954-93EF3ED40071}.Release|Any CPU.ActiveCfg = Release|Any CPU
		{DD5F4906-0271-46AB-8954-93EF3ED40071}.Release|Any CPU.Build.0 = Release|Any CPU
		{CD00442E-216A-4957-9CB7-2B069A33A153}.Debug|Any CPU.ActiveCfg = Debug|Any CPU
		{CD00442E-216A-4957-9CB7-2B069A33A153}.Debug|Any CPU.Build.0 = Debug|Any CPU
		{CD00442E-216A-4957-9CB7-2B069A33A153}.Release|Any CPU.ActiveCfg = Release|Any CPU
		{CD00442E-216A-4957-9CB7-2B069A33A153}.Release|Any CPU.Build.0 = Release|Any CPU
		{D930A0F3-4C68-43A0-9DC3-099F7725E96B}.Debug|Any CPU.ActiveCfg = Debug|Any CPU
		{D930A0F3-4C68-43A0-9DC3-099F7725E96B}.Debug|Any CPU.Build.0 = Debug|Any CPU
		{D930A0F3-4C68-43A0-9DC3-099F7725E96B}.Release|Any CPU.ActiveCfg = Release|Any CPU
		{D930A0F3-4C68-43A0-9DC3-099F7725E96B}.Release|Any CPU.Build.0 = Release|Any CPU
		{2917C2FA-A64E-4100-9256-D4CD31F93E96}.Debug|Any CPU.ActiveCfg = Debug|Any CPU
		{2917C2FA-A64E-4100-9256-D4CD31F93E96}.Debug|Any CPU.Build.0 = Debug|Any CPU
		{2917C2FA-A64E-4100-9256-D4CD31F93E96}.Release|Any CPU.ActiveCfg = Release|Any CPU
		{2917C2FA-A64E-4100-9256-D4CD31F93E96}.Release|Any CPU.Build.0 = Release|Any CPU
	EndGlobalSection
	GlobalSection(SolutionProperties) = preSolution
		HideSolutionNode = FALSE
	EndGlobalSection
	GlobalSection(ExtensibilityGlobals) = postSolution
		SolutionGuid = {5D8B305D-90E6-458E-8783-240F1FCB4750}
	EndGlobalSection
EndGlobal
